<Solution>
  <Folder Name="/src/">
    <Project Path="src/Giim.Agent/Giim.Agent.csproj" />
    <Project Path="src/Giim.Api/Giim.Api.csproj" />
    <Project Path="src/Giim.Connectors/Giim.Connectors.csproj" />
    <Project Path="src/Giim.Domain/Giim.Domain.csproj" />
    <Project Path="src/Giim.Infrastructure/Giim.Infrastructure.csproj" />
    <Project Path="src/Giim.Workers/Giim.Workers.csproj" />
  </Folder>
  <Folder Name="/tests/">
    <Project Path="tests/Giim.Agent.Tests/Giim.Agent.Tests.csproj" />
    <Project Path="tests/Giim.Api.Tests/Giim.Api.Tests.csproj" />
    <Project Path="tests/Giim.Domain.Tests/Giim.Domain.Tests.csproj" />
    <Project Path="tests/Giim.Infrastructure.Tests/Giim.Infrastructure.Tests.csproj" />
  </Folder>
</Solution>
